hash: 2aab9265be5f75d491aa279c0fe09e4a58ae8b71b500ff6b42a0b5c4e2d6586c
updated: 2017-09-01T17:55:56.360148396+03:00
imports:
- name: github.com/alexbrainman/odbc
  version: 941a4631fb56bc715eaddf95448c96cb41f03de2
  subpackages:
  - api
- name: github.com/johntdyer/slack-go
  version: 88736fd63eed11c942b478c3182bdd2f152971e5
- name: github.com/johntdyer/slackrus
  version: c5dccb95428c3e5d9fb9ea59def7606f064d7045
- name: github.com/juju/errors
  version: 6f54ff6318409d31ff16261533ce2c8381a4fd5d
- name: github.com/ngaut/log
  version: cec23d3e10b016363780d894a0eb732a12c06e02
- name: github.com/nlopes/slack
  version: 5cde21b8b96a43fc3435a1f514123d14fd7eabdc
- name: github.com/satori/go.uuid
  version: 5bf94b69c6b68ee1b541973bb8e1144db23a194b
- name: github.com/siddontang/go
  version: 354e14e6c093c661abb29fd28403b3c19cff5514
  subpackages:
  - hack
  - ioutil2
  - sync2
- name: github.com/siddontang/go-mysql
  version: 2c3092d6200e4ba6e1278cdd8f84bb29f2233490
  subpackages:
  - client
  - mysql
  - packet
  - replication
- name: github.com/sirupsen/logrus
  version: 89742aefa4b206dcf400792f3bd35b542998eb3b
- name: github.com/stretchr/testify
  version: 890a5c3458b43e6104ff5da8dfa139d013d77544
  subpackages:
  - assert
  - require
  - suite
- name: golang.org/x/crypto
  version: 81e90905daefcd6fd217b62423c0908922eadb30
  subpackages:
  - ssh/terminal
- name: golang.org/x/net
  version: 6acef71eb69611914f7a30939ea9f6e194c78172
  subpackages:
  - context
  - websocket
- name: golang.org/x/sys
  version: a07a691ac871746ae690ccf3ab217363b2144531
  subpackages:
  - unix
  - windows
- name: gopkg.in/yaml.v2
  version: eb3733d160e74a9c7e442f435eb3bea458e1d19f
testImports:
- name: github.com/davecgh/go-spew
  version: 04cdfd42973bb9c8589fd6a731800cf222fde1a9
  subpackages:
  - spew
- name: github.com/pmezard/go-difflib
  version: d8ed2627bdf02c080bf22230dbb337003b7aba2d
  subpackages:
  - difflib
